// !$*UTF8*$!
{
	archiveVersion = 1;
	classes = {
	};
	objectVersion = 46;
	objects = {

/* Begin PBXBuildFile section */
		E21A41851E11E7AD00F5353F /* ProductViewController.swift in Sources */ = {isa = PBXBuildFile; fileRef = E21A41841E11E7AD00F5353F /* ProductViewController.swift */; };
		E21A41871E11ED1500F5353F /* ContactViewController.swift in Sources */ = {isa = PBXBuildFile; fileRef = E21A41861E11ED1500F5353F /* ContactViewController.swift */; };
		E2392E7E1E12E3D40017500F /* ProductsTableViewController.swift in Sources */ = {isa = PBXBuildFile; fileRef = E2392E7D1E12E3D40017500F /* ProductsTableViewController.swift */; };
		E2392E801E13069D0017500F /* Product.swift in Sources */ = {isa = PBXBuildFile; fileRef = E2392E7F1E13069D0017500F /* Product.swift */; };
		E259B25F1E11FC7A003D7ED1 /* Assets.xcassets in Resources */ = {isa = PBXBuildFile; fileRef = E2A852A71DF7519600CD7875 /* Assets.xcassets */; };
		E2A852A11DF7519600CD7875 /* AppDelegate.swift in Sources */ = {isa = PBXBuildFile; fileRef = E2A852A01DF7519600CD7875 /* AppDelegate.swift */; };
		E2A852A61DF7519600CD7875 /* Main.storyboard in Resources */ = {isa = PBXBuildFile; fileRef = E2A852A41DF7519600CD7875 /* Main.storyboard */; };
		E2A852AB1DF7519600CD7875 /* LaunchScreen.storyboard in Resources */ = {isa = PBXBuildFile; fileRef = E2A852A91DF7519600CD7875 /* LaunchScreen.storyboard */; };
/* End PBXBuildFile section */

/* Begin PBXFileReference section */
		E21A41841E11E7AD00F5353F /* ProductViewController.swift */ = {isa = PBXFileReference; fileEncoding = 4; lastKnownFileType = sourcecode.swift; path = ProductViewController.swift; sourceTree = "<group>"; };
		E21A41861E11ED1500F5353F /* ContactViewController.swift */ = {isa = PBXFileReference; fileEncoding = 4; lastKnownFileType = sourcecode.swift; path = ContactViewController.swift; sourceTree = "<group>"; };
		E2392E7D1E12E3D40017500F /* ProductsTableViewController.swift */ = {isa = PBXFileReference; fileEncoding = 4; lastKnownFileType = sourcecode.swift; path = ProductsTableViewController.swift; sourceTree = "<group>"; };
		E2392E7F1E13069D0017500F /* Product.swift */ = {isa = PBXFileReference; fileEncoding = 4; lastKnownFileType = sourcecode.swift; path = Product.swift; sourceTree = "<group>"; };
		E2A8529D1DF7519600CD7875 /* GoodAsOldPhones.app */ = {isa = PBXFileReference; explicitFileType = wrapper.application; includeInIndex = 0; path = GoodAsOldPhones.app; sourceTree = BUILT_PRODUCTS_DIR; };
		E2A852A01DF7519600CD7875 /* AppDelegate.swift */ = {isa = PBXFileReference; lastKnownFileType = sourcecode.swift; path = AppDelegate.swift; sourceTree = "<group>"; };
		E2A852A51DF7519600CD7875 /* Base */ = {isa = PBXFileReference; lastKnownFileType = file.storyboard; name = Base; path = Base.lproj/Main.storyboard; sourceTree = "<group>"; };
		E2A852A71DF7519600CD7875 /* Assets.xcassets */ = {isa = PBXFileReference; lastKnownFileType = folder.assetcatalog; path = Assets.xcassets; sourceTree = "<group>"; };
		E2A852AA1DF7519600CD7875 /* Base */ = {isa = PBXFileReference; lastKnownFileType = file.storyboard; name = Base; path = Base.lproj/LaunchScreen.storyboard; sourceTree = "<group>"; };
		E2A852AC1DF7519600CD7875 /* Info.plist */ = {isa = PBXFileReference; lastKnownFileType = text.plist.xml; path = Info.plist; sourceTree = "<group>"; };
/* End PBXFileReference section */

/* Begin PBXFrameworksBuildPhase section */
		E2A8529A1DF7519600CD7875 /* Frameworks */ = {
			isa = PBXFrameworksBuildPhase;
			buildActionMask = 2147483647;
			files = (
			);
			runOnlyForDeploymentPostprocessing = 0;
		};
/* End PBXFrameworksBuildPhase section */

/* Begin PBXGroup section */
		E2A852941DF7519600CD7875 = {
			isa = PBXGroup;
			children = (
				E2A8529F1DF7519600CD7875 /* GoodAsOldPhones */,
				E2A8529E1DF7519600CD7875 /* Products */,
			);
			sourceTree = "<group>";
		};
		E2A8529E1DF7519600CD7875 /* Products */ = {
			isa = PBXGroup;
			children = (
				E2A8529D1DF7519600CD7875 /* GoodAsOldPhones.app */,
			);
			name = Products;
			sourceTree = "<group>";
		};
		E2A8529F1DF7519600CD7875 /* GoodAsOldPhones */ = {
			isa = PBXGroup;
			children = (
				E2A852A01DF7519600CD7875 /* AppDelegate.swift */,
				E2A852A41DF7519600CD7875 /* Main.storyboard */,
				E2A852A71DF7519600CD7875 /* Assets.xcassets */,
				E2A852A91DF7519600CD7875 /* LaunchScreen.storyboard */,
				E2A852AC1DF7519600CD7875 /* Info.plist */,
				E21A41841E11E7AD00F5353F /* ProductViewController.swift */,
				E21A41861E11ED1500F5353F /* ContactViewController.swift */,
				E2392E7D1E12E3D40017500F /* ProductsTableViewController.swift */,
				E2392E7F1E13069D0017500F /* Product.swift */,
			);
			path = GoodAsOldPhones;
			sourceTree = "<group>";
		};
/* End PBXGroup section */

/* Begin PBXNativeTarget section */
		E2A8529C1DF7519600CD7875 /* GoodAsOldPhones */ = {
			isa = PBXNativeTarget;
			buildConfigurationList = E2A852AF1DF7519600CD7875 /* Build configuration list for PBXNativeTarget "GoodAsOldPhones" */;
			buildPhases = (
				E2A852991DF7519600CD7875 /* Sources */,
				E2A8529A1DF7519600CD7875 /* Frameworks */,
				E2A8529B1DF7519600CD7875 /* Resources */,
			);
			buildRules = (
			);
			dependencies = (
			);
			name = GoodAsOldPhones;
			productName = GoodAsOldPhones;
			productReference = E2A8529D1DF7519600CD7875 /* GoodAsOldPhones.app */;
			productType = "com.apple.product-type.application";
		};
/* End PBXNativeTarget section */

/* Begin PBXProject section */
		E2A852951DF7519600CD7875 /* Project object */ = {
			isa = PBXProject;
			attributes = {
				LastSwiftUpdateCheck = 0800;
				LastUpgradeCheck = 0800;
				ORGANIZATIONNAME = es.uji;
				TargetAttributes = {
					E2A8529C1DF7519600CD7875 = {
						CreatedOnToolsVersion = 8.0;
						DevelopmentTeam = 8WL37J73E8;
						ProvisioningStyle = Automatic;
					};
				};
			};
			buildConfigurationList = E2A852981DF7519600CD7875 /* Build configuration list for PBXProject "GoodAsOldPhones" */;
			compatibilityVersion = "Xcode 3.2";
			developmentRegion = English;
			hasScannedForEncodings = 0;
			knownRegions = (
				en,
				Base,
			);
			mainGroup = E2A852941DF7519600CD7875;
			productRefGroup = E2A8529E1DF7519600CD7875 /* Products */;
			projectDirPath = "";
			projectRoot = "";
			targets = (
				E2A8529C1DF7519600CD7875 /* GoodAsOldPhones */,
			);
		};
/* End PBXProject section */

/* Begin PBXResourcesBuildPhase section */
		E2A8529B1DF7519600CD7875 /* Resources */ = {
			isa = PBXResourcesBuildPhase;
			buildActionMask = 2147483647;
			files = (
				E2A852AB1DF7519600CD7875 /* LaunchScreen.storyboard in Resources */,
				E259B25F1E11FC7A003D7ED1 /* Assets.xcassets in Resources */,
				E2A852A61DF7519600CD7875 /* Main.storyboard in Resources */,
			);
			runOnlyForDeploymentPostprocessing = 0;
		};
/* End PBXResourcesBuildPhase section */

/* Begin PBXSourcesBuildPhase section */
		E2A852991DF7519600CD7875 /* Sources */ = {
			isa = PBXSourcesBuildPhase;
			buildActionMask = 2147483647;
			files = (
				E21A41851E11E7AD00F5353F /* ProductViewController.swift in Sources */,
				E2392E7E1E12E3D40017500F /* ProductsTableViewController.swift in Sources */,
				E2392E801E13069D0017500F /* Product.swift in Sources */,
				E2A852A11DF7519600CD7875 /* AppDelegate.swift in Sources */,
				E21A41871E11ED1500F5353F /* ContactViewController.swift in Sources */,
			);
			runOnlyForDeploymentPostprocessing = 0;
		};
/* End PBXSourcesBuildPhase section */

/* Begin PBXVariantGroup section */
		E2A852A41DF7519600CD7875 /* Main.storyboard */ = {
			isa = PBXVariantGroup;
			children = (
				E2A852A51DF7519600CD7875 /* Base */,
			);
			name = Main.storyboard;
			sourceTree = "<group>";
		};
		E2A852A91DF7519600CD7875 /* LaunchScreen.storyboard */ = {
			isa = PBXVariantGroup;
			children = (
				E2A852AA1DF7519600CD7875 /* Base */,
			);
			name = LaunchScreen.storyboard;
			sourceTree = "<group>";
		};
/* End PBXVariantGroup section */

/* Begin XCBuildConfiguration section */
		E2A852AD1DF7519600CD7875 /* Debug */ = {
			isa = XCBuildConfiguration;
			buildSettings = {
				ALWAYS_SEARCH_USER_PATHS = NO;
				CLANG_ANALYZER_NONNULL = YES;
				CLANG_CXX_LANGUAGE_STANDARD = "gnu++0x";
				CLANG_CXX_LIBRARY = "libc++";
				CLANG_ENABLE_MODULES = YES;
				CLANG_ENABLE_OBJC_ARC = YES;
				CLANG_WARN_BOOL_CONVERSION = YES;
				CLANG_WARN_CONSTANT_CONVERSION = YES;
				CLANG_WARN_DIRECT_OBJC_ISA_USAGE = YES_ERROR;
				CLANG_WARN_DOCUMENTATION_COMMENTS = YES;
				CLANG_WARN_EMPTY_BODY = YES;
				CLANG_WARN_ENUM_CONVERSION = YES;
				CLANG_WARN_INFINITE_RECURSION = YES;
				CLANG_WARN_INT_CONVERSION = YES;
				CLANG_WARN_OBJC_ROOT_CLASS = YES_ERROR;
				CLANG_WARN_SUSPICIOUS_MOVES = YES;
				CLANG_WARN_UNREACHABLE_CODE = YES;
				CLANG_WARN__DUPLICATE_METHOD_MATCH = YES;
				"CODE_SIGN_IDENTITY[sdk=iphoneos*]" = "iPhone Developer";
				COPY_PHASE_STRIP = NO;
				DEBUG_INFORMATION_FORMAT = dwarf;
				ENABLE_STRICT_OBJC_MSGSEND = YES;
				ENABLE_TESTABILITY = YES;
				GCC_C_LANGUAGE_STANDARD = gnu99;
				GCC_DYNAMIC_NO_PIC = NO;
				GCC_NO_COMMON_BLOCKS = YES;
				GCC_OPTIMIZATION_LEVEL = 0;
				GCC_PREPROCESSOR_DEFINITIONS = (
					"DEBUG=1",
					"$(inherited)",
				);
				GCC_WARN_64_TO_32_BIT_CONVERSION = YES;
				GCC_WARN_ABOUT_RETURN_TYPE = YES_ERROR;
				GCC_WARN_UNDECLARED_SELECTOR = YES;
				GCC_WARN_UNINITIALIZED_AUTOS = YES_AGGRESSIVE;
				GCC_WARN_UNUSED_FUNCTION = YES;
				GCC_WARN_UNUSED_VARIABLE = YES;
				IPHONEOS_DEPLOYMENT_TARGET = 10.0;
				MTL_ENABLE_DEBUG_INFO = YES;
				ONLY_ACTIVE_ARCH = YES;
				SDKROOT = iphoneos;
				SWIFT_ACTIVE_COMPILATION_CONDITIONS = DEBUG;
				SWIFT_OPTIMIZATION_LEVEL = "-Onone";
			};
			name = Debug;
		};
		E2A852AE1DF7519600CD7875 /* Release */ = {
			isa = XCBuildConfiguration;
			buildSettings = {
				ALWAYS_SEARCH_USER_PATHS = NO;
				CLANG_ANALYZER_NONNULL = YES;
				CLANG_CXX_LANGUAGE_STANDARD = "gnu++0x";
				CLANG_CXX_LIBRARY = "libc++";
				CLANG_ENABLE_MODULES = YES;
				CLANG_ENABLE_OBJC_ARC = YES;
				CLANG_WARN_BOOL_CONVERSION = YES;
				CLANG_WARN_CONSTANT_CONVERSION = YES;
				CLANG_WARN_DIRECT_OBJC_ISA_USAGE = YES_ERROR;
				CLANG_WARN_DOCUMENTATION_COMMENTS = YES;
				CLANG_WARN_EMPTY_BODY = YES;
				CLANG_WARN_ENUM_CONVERSION = YES;
				CLANG_WARN_INFINITE_RECURSION = YES;
				CLANG_WARN_INT_CONVERSION = YES;
				CLANG_WARN_OBJC_ROOT_CLASS = YES_ERROR;
				CLANG_WARN_SUSPICIOUS_MOVES = YES;
				CLANG_WARN_UNREACHABLE_CODE = YES;
				CLANG_WARN__DUPLICATE_METHOD_MATCH = YES;
				"CODE_SIGN_IDENTITY[sdk=iphoneos*]" = "iPhone Developer";
				COPY_PHASE_STRIP = NO;
				DEBUG_INFORMATION_FORMAT = "dwarf-with-dsym";
				ENABLE_NS_ASSERTIONS = NO;
				ENABLE_STRICT_OBJC_MSGSEND = YES;
				GCC_C_LANGUAGE_STANDARD = gnu99;
				GCC_NO_COMMON_BLOCKS = YES;
				GCC_WARN_64_TO_32_BIT_CONVERSION = YES;
				GCC_WARN_ABOUT_RETURN_TYPE = YES_ERROR;
				GCC_WARN_UNDECLARED_SELECTOR = YES;
				GCC_WARN_UNINITIALIZED_AUTOS = YES_AGGRESSIVE;
				GCC_WARN_UNUSED_FUNCTION = YES;
				GCC_WARN_UNUSED_VARIABLE = YES;
				IPHONEOS_DEPLOYMENT_TARGET = 10.0;
				MTL_ENABLE_DEBUG_INFO = NO;
				SDKROOT = iphoneos;
				SWIFT_OPTIMIZATION_LEVEL = "-Owholemodule";
				VALIDATE_PRODUCT = YES;
			};
			name = Release;
		};
		E2A852B01DF7519600CD7875 /* Debug */ = {
			isa = XCBuildConfiguration;
			buildSettings = {
				ASSETCATALOG_COMPILER_APPICON_NAME = AppIcon;
				DEVELOPMENT_TEAM = 8WL37J73E8;
				INFOPLIST_FILE = GoodAsOldPhones/Info.plist;
				LD_RUNPATH_SEARCH_PATHS = "$(inherited) @executable_path/Frameworks";
				PRODUCT_BUNDLE_IDENTIFIER = es.uji.GoodAsOldPhones;
				PRODUCT_NAME = "$(TARGET_NAME)";
				SWIFT_VERSION = 3.0;
			};
			name = Debug;
		};
		E2A852B11DF7519600CD7875 /* Release */ = {
			isa = XCBuildConfiguration;
			buildSettings = {
				ASSETCATALOG_COMPILER_APPICON_NAME = AppIcon;
				DEVELOPMENT_TEAM = 8WL37J73E8;
				INFOPLIST_FILE = GoodAsOldPhones/Info.plist;
				LD_RUNPATH_SEARCH_PATHS = "$(inherited) @executable_path/Frameworks";
				PRODUCT_BUNDLE_IDENTIFIER = es.uji.GoodAsOldPhones;
				PRODUCT_NAME = "$(TARGET_NAME)";
				SWIFT_VERSION = 3.0;
			};
			name = Release;
		};
/* End XCBuildConfiguration section */

/* Begin XCConfigurationList section */
		E2A852981DF7519600CD7875 /* Build configuration list for PBXProject "GoodAsOldPhones" */ = {
			isa = XCConfigurationList;
			buildConfigurations = (
				E2A852AD1DF7519600CD7875 /* Debug */,
				E2A852AE1DF7519600CD7875 /* Release */,
			);
			defaultConfigurationIsVisible = 0;
			defaultConfigurationName = Release;
		};
		E2A852AF1DF7519600CD7875 /* Build configuration list for PBXNativeTarget "GoodAsOldPhones" */ = {
			isa = XCConfigurationList;
			buildConfigurations = (
				E2A852B01DF7519600CD7875 /* Debug */,
				E2A852B11DF7519600CD7875 /* Release */,
			);
			defaultConfigurationIsVisible = 0;
			defaultConfigurationName = Release;
		};
/* End XCConfigurationList section */
	};
	rootObject = E2A852951DF7519600CD7875 /* Project object */;
}
